PODS:
  - ChameleonFramework/Default (2.1.0)
  - ChameleonFramework/Swift (2.1.0):
    - ChameleonFramework/Default
  - Realm (10.28.6):
    - Realm/Headers (= 10.28.6)
  - Realm/Headers (10.28.6)
  - RealmSwift (10.28.6):
    - Realm (= 10.28.6)
  - SwipeCellKit (2.7.1)

DEPENDENCIES:
  - ChameleonFramework/Swift
  - RealmSwift
  - SwipeCellKit

SPEC REPOS:
  trunk:
    - ChameleonFramework
    - Realm
    - RealmSwift
    - SwipeCellKit

SPEC CHECKSUMS:
  ChameleonFramework: d21a3cc247abfe5e37609a283a8238b03575cf64
  Realm: 9b12f16a14446d7d46a9e36225d0a0332a6ec739
  RealmSwift: 5927726fce21005f43b1fb57c832297a22031bfc
  SwipeCellKit: 3972254a826da74609926daf59b08d6c72e619ea

PODFILE CHECKSUM: ca0093aa9034918fb9f9ebf37b64f17da9876850

COCOAPODS: 1.11.3
